// !$*UTF8*$!
{
	archiveVersion = 1;
	classes = {
	};
	objectVersion = 46;
	objects = {

/* Begin PBXBuildFile section */
		D12047248F841A58A39A03E1 /* libPods.a in Frameworks */ = {isa = PBXBuildFile; fileRef = A1218728CA037B2FAB495128 /* libPods.a */; };
		E275F1A11AFB050B0041D53A /* MBProgressHUD.m in Sources */ = {isa = PBXBuildFile; fileRef = E275F1A01AFB050B0041D53A /* MBProgressHUD.m */; };
		E275F1A91AFB06250041D53A /* NewUserRegisterViewController.m in Sources */ = {isa = PBXBuildFile; fileRef = E275F1A81AFB06250041D53A /* NewUserRegisterViewController.m */; };
		E275F1AC1AFB07EB0041D53A /* AdId.m in Sources */ = {isa = PBXBuildFile; fileRef = E275F1AB1AFB07EB0041D53A /* AdId.m */; };
		E275F1B31AFB0E960041D53A /* MBProgressHUD+MJ.m in Sources */ = {isa = PBXBuildFile; fileRef = E275F1B11AFB0E960041D53A /* MBProgressHUD+MJ.m */; };
		E275F1B41AFB0E960041D53A /* MBProgressHUD.bundle in Resources */ = {isa = PBXBuildFile; fileRef = E275F1B21AFB0E960041D53A /* MBProgressHUD.bundle */; };
		E275F1B81AFB13580041D53A /* UIViewController+KeyboardAnimation.m in Sources */ = {isa = PBXBuildFile; fileRef = E275F1B71AFB13580041D53A /* UIViewController+KeyboardAnimation.m */; };
		E28D40C51AFB3E310028EAAE /* UrlModiifyViewController.m in Sources */ = {isa = PBXBuildFile; fileRef = E28D40C41AFB3E310028EAAE /* UrlModiifyViewController.m */; };
		E28D40CA1AFBA4050028EAAE /* ModifyAdminPwdViewController.m in Sources */ = {isa = PBXBuildFile; fileRef = E28D40C91AFBA4050028EAAE /* ModifyAdminPwdViewController.m */; };
		E28D40CE1AFBB7090028EAAE /* UrlConstants.m in Sources */ = {isa = PBXBuildFile; fileRef = E28D40CD1AFBB7080028EAAE /* UrlConstants.m */; };
		E28D40D31AFBBD390028EAAE /* LoginAdminViewController.m in Sources */ = {isa = PBXBuildFile; fileRef = E28D40D21AFBBD390028EAAE /* LoginAdminViewController.m */; };
		E28D40D61AFBC5E60028EAAE /* Main.storyboard in Resources */ = {isa = PBXBuildFile; fileRef = E28D40D41AFBC5E60028EAAE /* Main.storyboard */; };
		E28D40DB1AFBD3FB0028EAAE /* SettingTableViewController.m in Sources */ = {isa = PBXBuildFile; fileRef = E28D40DA1AFBD3FB0028EAAE /* SettingTableViewController.m */; };
		E28D40DF1AFBD7690028EAAE /* ManagerTableViewController.m in Sources */ = {isa = PBXBuildFile; fileRef = E28D40DE1AFBD7690028EAAE /* ManagerTableViewController.m */; };
		E29DD3E01AF9C4BD005D0D33 /* MainTabBarViewController.m in Sources */ = {isa = PBXBuildFile; fileRef = E29DD3DF1AF9C4BD005D0D33 /* MainTabBarViewController.m */; };
		E29DD3E71AFA0A63005D0D33 /* DeviceViewController.m in Sources */ = {isa = PBXBuildFile; fileRef = E29DD3E61AFA0A63005D0D33 /* DeviceViewController.m */; };
		E29DD40C1AFA2CE4005D0D33 /* MobileCoreServices.framework in Frameworks */ = {isa = PBXBuildFile; fileRef = E29DD40B1AFA2CE4005D0D33 /* MobileCoreServices.framework */; };
		E29DD40E1AFA2CF8005D0D33 /* libz.1.2.5.dylib in Frameworks */ = {isa = PBXBuildFile; fileRef = E29DD40D1AFA2CF8005D0D33 /* libz.1.2.5.dylib */; };
		E29DD4101AFA3C24005D0D33 /* AdSupport.framework in Frameworks */ = {isa = PBXBuildFile; fileRef = E29DD40F1AFA3C24005D0D33 /* AdSupport.framework */; };
		E29DD4231AFA4592005D0D33 /* MJConst.m in Sources */ = {isa = PBXBuildFile; fileRef = E29DD4141AFA4592005D0D33 /* MJConst.m */; };
		E29DD4241AFA4592005D0D33 /* MJType.m in Sources */ = {isa = PBXBuildFile; fileRef = E29DD4161AFA4592005D0D33 /* MJType.m */; };
		E29DD4251AFA4592005D0D33 /* MJFoundation.m in Sources */ = {isa = PBXBuildFile; fileRef = E29DD4181AFA4592005D0D33 /* MJFoundation.m */; };
		E29DD4261AFA4592005D0D33 /* MJProperty.m in Sources */ = {isa = PBXBuildFile; fileRef = E29DD41A1AFA4592005D0D33 /* MJProperty.m */; };
		E29DD4271AFA4592005D0D33 /* NSObject+MJProperty.m in Sources */ = {isa = PBXBuildFile; fileRef = E29DD41C1AFA4592005D0D33 /* NSObject+MJProperty.m */; };
		E29DD4281AFA4592005D0D33 /* NSObject+MJCoding.m in Sources */ = {isa = PBXBuildFile; fileRef = E29DD41E1AFA4592005D0D33 /* NSObject+MJCoding.m */; };
		E29DD4291AFA4592005D0D33 /* NSObject+MJKeyValue.m in Sources */ = {isa = PBXBuildFile; fileRef = E29DD4201AFA4592005D0D33 /* NSObject+MJKeyValue.m */; };
		E29DD42A1AFA4592005D0D33 /* NSString+MJExtension.m in Sources */ = {isa = PBXBuildFile; fileRef = E29DD4221AFA4592005D0D33 /* NSString+MJExtension.m */; };
		E29DD42D1AFA4B53005D0D33 /* Device.m in Sources */ = {isa = PBXBuildFile; fileRef = E29DD42C1AFA4B53005D0D33 /* Device.m */; };
		E29DD4301AFA4D82005D0D33 /* Dht11.m in Sources */ = {isa = PBXBuildFile; fileRef = E29DD42F1AFA4D82005D0D33 /* Dht11.m */; };
		E29DD4341AFA5346005D0D33 /* HttpResultJson.m in Sources */ = {isa = PBXBuildFile; fileRef = E29DD4331AFA5346005D0D33 /* HttpResultJson.m */; };
		E2C47F4B1AF72172003FE37C /* main.m in Sources */ = {isa = PBXBuildFile; fileRef = E2C47F4A1AF72172003FE37C /* main.m */; };
		E2C47F4E1AF72172003FE37C /* AppDelegate.m in Sources */ = {isa = PBXBuildFile; fileRef = E2C47F4D1AF72172003FE37C /* AppDelegate.m */; };
		E2C47F561AF72172003FE37C /* Images.xcassets in Resources */ = {isa = PBXBuildFile; fileRef = E2C47F551AF72172003FE37C /* Images.xcassets */; };
		E2C47F591AF72172003FE37C /* LaunchScreen.xib in Resources */ = {isa = PBXBuildFile; fileRef = E2C47F571AF72172003FE37C /* LaunchScreen.xib */; };
		E2C47F651AF72173003FE37C /* NiceControllerTests.m in Sources */ = {isa = PBXBuildFile; fileRef = E2C47F641AF72173003FE37C /* NiceControllerTests.m */; };
		E2C47FA31AF738E0003FE37C /* libPushSDK-1.8.3.a in Frameworks */ = {isa = PBXBuildFile; fileRef = E2C47FA11AF738E0003FE37C /* libPushSDK-1.8.3.a */; };
		E2C47FA51AF739D5003FE37C /* CFNetwork.framework in Frameworks */ = {isa = PBXBuildFile; fileRef = E2C47FA41AF739D5003FE37C /* CFNetwork.framework */; };
		E2C47FA71AF73A4C003FE37C /* CoreFoundation.framework in Frameworks */ = {isa = PBXBuildFile; fileRef = E2C47FA61AF73A4C003FE37C /* CoreFoundation.framework */; };
		E2C47FA91AF73A53003FE37C /* CoreTelephony.framework in Frameworks */ = {isa = PBXBuildFile; fileRef = E2C47FA81AF73A53003FE37C /* CoreTelephony.framework */; };
		E2C47FAB1AF73A61003FE37C /* SystemConfiguration.framework in Frameworks */ = {isa = PBXBuildFile; fileRef = E2C47FAA1AF73A61003FE37C /* SystemConfiguration.framework */; };
		E2C47FAD1AF73A67003FE37C /* CoreGraphics.framework in Frameworks */ = {isa = PBXBuildFile; fileRef = E2C47FAC1AF73A67003FE37C /* CoreGraphics.framework */; };
		E2C47FAF1AF73A6E003FE37C /* Foundation.framework in Frameworks */ = {isa = PBXBuildFile; fileRef = E2C47FAE1AF73A6E003FE37C /* Foundation.framework */; };
		E2C47FB11AF73A75003FE37C /* UIKit.framework in Frameworks */ = {isa = PBXBuildFile; fileRef = E2C47FB01AF73A75003FE37C /* UIKit.framework */; };
		E2C47FB31AF73A7A003FE37C /* Security.framework in Frameworks */ = {isa = PBXBuildFile; fileRef = E2C47FB21AF73A7A003FE37C /* Security.framework */; };
		E2C47FB51AF73A8B003FE37C /* libz.dylib in Frameworks */ = {isa = PBXBuildFile; fileRef = E2C47FB41AF73A8B003FE37C /* libz.dylib */; };
		E2C47FB81AF73BD1003FE37C /* PushConfig.plist in Resources */ = {isa = PBXBuildFile; fileRef = E2C47FB71AF73BD1003FE37C /* PushConfig.plist */; };
/* End PBXBuildFile section */

/* Begin PBXContainerItemProxy section */
		E2C47F5F1AF72173003FE37C /* PBXContainerItemProxy */ = {
			isa = PBXContainerItemProxy;
			containerPortal = E2C47F3D1AF72172003FE37C /* Project object */;
			proxyType = 1;
			remoteGlobalIDString = E2C47F441AF72172003FE37C;
			remoteInfo = NiceController;
		};
/* End PBXContainerItemProxy section */

/* Begin PBXFileReference section */
		28CFD87FDD58038DC2E11709 /* Pods.release.xcconfig */ = {isa = PBXFileReference; includeInIndex = 1; lastKnownFileType = text.xcconfig; name = Pods.release.xcconfig; path = "Pods/Target Support Files/Pods/Pods.release.xcconfig"; sourceTree = "<group>"; };
		8EA63352E9679EE5D013C080 /* Pods.debug.xcconfig */ = {isa = PBXFileReference; includeInIndex = 1; lastKnownFileType = text.xcconfig; name = Pods.debug.xcconfig; path = "Pods/Target Support Files/Pods/Pods.debug.xcconfig"; sourceTree = "<group>"; };
		A1218728CA037B2FAB495128 /* libPods.a */ = {isa = PBXFileReference; explicitFileType = archive.ar; includeInIndex = 0; path = libPods.a; sourceTree = BUILT_PRODUCTS_DIR; };
		E275F19F1AFB050B0041D53A /* MBProgressHUD.h */ = {isa = PBXFileReference; fileEncoding = 4; lastKnownFileType = sourcecode.c.h; path = MBProgressHUD.h; sourceTree = "<group>"; };
		E275F1A01AFB050B0041D53A /* MBProgressHUD.m */ = {isa = PBXFileReference; fileEncoding = 4; lastKnownFileType = sourcecode.c.objc; path = MBProgressHUD.m; sourceTree = "<group>"; };
		E275F1A71AFB06250041D53A /* NewUserRegisterViewController.h */ = {isa = PBXFileReference; fileEncoding = 4; lastKnownFileType = sourcecode.c.h; path = NewUserRegisterViewController.h; sourceTree = "<group>"; };
		E275F1A81AFB06250041D53A /* NewUserRegisterViewController.m */ = {isa = PBXFileReference; fileEncoding = 4; lastKnownFileType = sourcecode.c.objc; path = NewUserRegisterViewController.m; sourceTree = "<group>"; };
		E275F1AA1AFB07EB0041D53A /* AdId.h */ = {isa = PBXFileReference; fileEncoding = 4; lastKnownFileType = sourcecode.c.h; path = AdId.h; sourceTree = "<group>"; };
		E275F1AB1AFB07EB0041D53A /* AdId.m */ = {isa = PBXFileReference; fileEncoding = 4; lastKnownFileType = sourcecode.c.objc; path = AdId.m; sourceTree = "<group>"; };
		E275F1B01AFB0E960041D53A /* MBProgressHUD+MJ.h */ = {isa = PBXFileReference; fileEncoding = 4; lastKnownFileType = sourcecode.c.h; path = "MBProgressHUD+MJ.h"; sourceTree = "<group>"; };
		E275F1B11AFB0E960041D53A /* MBProgressHUD+MJ.m */ = {isa = PBXFileReference; fileEncoding = 4; lastKnownFileType = sourcecode.c.objc; path = "MBProgressHUD+MJ.m"; sourceTree = "<group>"; };
		E275F1B21AFB0E960041D53A /* MBProgressHUD.bundle */ = {isa = PBXFileReference; lastKnownFileType = "wrapper.plug-in"; path = MBProgressHUD.bundle; sourceTree = "<group>"; };
		E275F1B61AFB13580041D53A /* UIViewController+KeyboardAnimation.h */ = {isa = PBXFileReference; fileEncoding = 4; lastKnownFileType = sourcecode.c.h; path = "UIViewController+KeyboardAnimation.h"; sourceTree = "<group>"; };
		E275F1B71AFB13580041D53A /* UIViewController+KeyboardAnimation.m */ = {isa = PBXFileReference; fileEncoding = 4; lastKnownFileType = sourcecode.c.objc; path = "UIViewController+KeyboardAnimation.m"; sourceTree = "<group>"; };
		E28D40C31AFB3E310028EAAE /* UrlModiifyViewController.h */ = {isa = PBXFileReference; fileEncoding = 4; lastKnownFileType = sourcecode.c.h; path = UrlModiifyViewController.h; sourceTree = "<group>"; };
		E28D40C41AFB3E310028EAAE /* UrlModiifyViewController.m */ = {isa = PBXFileReference; fileEncoding = 4; lastKnownFileType = sourcecode.c.objc; path = UrlModiifyViewController.m; sourceTree = "<group>"; };
		E28D40C81AFBA4050028EAAE /* ModifyAdminPwdViewController.h */ = {isa = PBXFileReference; fileEncoding = 4; lastKnownFileType = sourcecode.c.h; path = ModifyAdminPwdViewController.h; sourceTree = "<group>"; };
		E28D40C91AFBA4050028EAAE /* ModifyAdminPwdViewController.m */ = {isa = PBXFileReference; fileEncoding = 4; lastKnownFileType = sourcecode.c.objc; path = ModifyAdminPwdViewController.m; sourceTree = "<group>"; };
		E28D40CC1AFBB7060028EAAE /* UrlConstants.h */ = {isa = PBXFileReference; fileEncoding = 4; lastKnownFileType = sourcecode.c.h; path = UrlConstants.h; sourceTree = "<group>"; };
		E28D40CD1AFBB7080028EAAE /* UrlConstants.m */ = {isa = PBXFileReference; fileEncoding = 4; lastKnownFileType = sourcecode.c.objc; path = UrlConstants.m; sourceTree = "<group>"; };
		E28D40D11AFBBD380028EAAE /* LoginAdminViewController.h */ = {isa = PBXFileReference; fileEncoding = 4; lastKnownFileType = sourcecode.c.h; path = LoginAdminViewController.h; sourceTree = "<group>"; };
		E28D40D21AFBBD390028EAAE /* LoginAdminViewController.m */ = {isa = PBXFileReference; fileEncoding = 4; lastKnownFileType = sourcecode.c.objc; path = LoginAdminViewController.m; sourceTree = "<group>"; };
		E28D40D51AFBC5E60028EAAE /* Base */ = {isa = PBXFileReference; lastKnownFileType = file.storyboard; name = Base; path = Base.lproj/Main.storyboard; sourceTree = "<group>"; };
		E28D40D91AFBD3FB0028EAAE /* SettingTableViewController.h */ = {isa = PBXFileReference; fileEncoding = 4; lastKnownFileType = sourcecode.c.h; path = SettingTableViewController.h; sourceTree = "<group>"; };
		E28D40DA1AFBD3FB0028EAAE /* SettingTableViewController.m */ = {isa = PBXFileReference; fileEncoding = 4; lastKnownFileType = sourcecode.c.objc; path = SettingTableViewController.m; sourceTree = "<group>"; };
		E28D40DD1AFBD7690028EAAE /* ManagerTableViewController.h */ = {isa = PBXFileReference; fileEncoding = 4; lastKnownFileType = sourcecode.c.h; path = ManagerTableViewController.h; sourceTree = "<group>"; };
		E28D40DE1AFBD7690028EAAE /* ManagerTableViewController.m */ = {isa = PBXFileReference; fileEncoding = 4; lastKnownFileType = sourcecode.c.objc; path = ManagerTableViewController.m; sourceTree = "<group>"; };
		E29DD3DE1AF9C4BD005D0D33 /* MainTabBarViewController.h */ = {isa = PBXFileReference; fileEncoding = 4; lastKnownFileType = sourcecode.c.h; path = MainTabBarViewController.h; sourceTree = "<group>"; };
		E29DD3DF1AF9C4BD005D0D33 /* MainTabBarViewController.m */ = {isa = PBXFileReference; fileEncoding = 4; lastKnownFileType = sourcecode.c.objc; path = MainTabBarViewController.m; sourceTree = "<group>"; };
		E29DD3E51AFA0A63005D0D33 /* DeviceViewController.h */ = {isa = PBXFileReference; fileEncoding = 4; lastKnownFileType = sourcecode.c.h; path = DeviceViewController.h; sourceTree = "<group>"; };
		E29DD3E61AFA0A63005D0D33 /* DeviceViewController.m */ = {isa = PBXFileReference; fileEncoding = 4; lastKnownFileType = sourcecode.c.objc; path = DeviceViewController.m; sourceTree = "<group>"; };
		E29DD40B1AFA2CE4005D0D33 /* MobileCoreServices.framework */ = {isa = PBXFileReference; lastKnownFileType = wrapper.framework; name = MobileCoreServices.framework; path = System/Library/Frameworks/MobileCoreServices.framework; sourceTree = SDKROOT; };
		E29DD40D1AFA2CF8005D0D33 /* libz.1.2.5.dylib */ = {isa = PBXFileReference; lastKnownFileType = "compiled.mach-o.dylib"; name = libz.1.2.5.dylib; path = usr/lib/libz.1.2.5.dylib; sourceTree = SDKROOT; };
		E29DD40F1AFA3C24005D0D33 /* AdSupport.framework */ = {isa = PBXFileReference; lastKnownFileType = wrapper.framework; name = AdSupport.framework; path = System/Library/Frameworks/AdSupport.framework; sourceTree = SDKROOT; };
		E29DD4121AFA4592005D0D33 /* MJExtension.h */ = {isa = PBXFileReference; fileEncoding = 4; lastKnownFileType = sourcecode.c.h; path = MJExtension.h; sourceTree = "<group>"; };
		E29DD4131AFA4592005D0D33 /* MJConst.h */ = {isa = PBXFileReference; fileEncoding = 4; lastKnownFileType = sourcecode.c.h; path = MJConst.h; sourceTree = "<group>"; };
		E29DD4141AFA4592005D0D33 /* MJConst.m */ = {isa = PBXFileReference; fileEncoding = 4; lastKnownFileType = sourcecode.c.objc; path = MJConst.m; sourceTree = "<group>"; };
		E29DD4151AFA4592005D0D33 /* MJType.h */ = {isa = PBXFileReference; fileEncoding = 4; lastKnownFileType = sourcecode.c.h; path = MJType.h; sourceTree = "<group>"; };
		E29DD4161AFA4592005D0D33 /* MJType.m */ = {isa = PBXFileReference; fileEncoding = 4; lastKnownFileType = sourcecode.c.objc; path = MJType.m; sourceTree = "<group>"; };
		E29DD4171AFA4592005D0D33 /* MJFoundation.h */ = {isa = PBXFileReference; fileEncoding = 4; lastKnownFileType = sourcecode.c.h; path = MJFoundation.h; sourceTree = "<group>"; };
		E29DD4181AFA4592005D0D33 /* MJFoundation.m */ = {isa = PBXFileReference; fileEncoding = 4; lastKnownFileType = sourcecode.c.objc; path = MJFoundation.m; sourceTree = "<group>"; };
		E29DD4191AFA4592005D0D33 /* MJProperty.h */ = {isa = PBXFileReference; fileEncoding = 4; lastKnownFileType = sourcecode.c.h; path = MJProperty.h; sourceTree = "<group>"; };
		E29DD41A1AFA4592005D0D33 /* MJProperty.m */ = {isa = PBXFileReference; fileEncoding = 4; lastKnownFileType = sourcecode.c.objc; path = MJProperty.m; sourceTree = "<group>"; };
		E29DD41B1AFA4592005D0D33 /* NSObject+MJProperty.h */ = {isa = PBXFileReference; fileEncoding = 4; lastKnownFileType = sourcecode.c.h; path = "NSObject+MJProperty.h"; sourceTree = "<group>"; };
		E29DD41C1AFA4592005D0D33 /* NSObject+MJProperty.m */ = {isa = PBXFileReference; fileEncoding = 4; lastKnownFileType = sourcecode.c.objc; path = "NSObject+MJProperty.m"; sourceTree = "<group>"; };
		E29DD41D1AFA4592005D0D33 /* NSObject+MJCoding.h */ = {isa = PBXFileReference; fileEncoding = 4; lastKnownFileType = sourcecode.c.h; path = "NSObject+MJCoding.h"; sourceTree = "<group>"; };
		E29DD41E1AFA4592005D0D33 /* NSObject+MJCoding.m */ = {isa = PBXFileReference; fileEncoding = 4; lastKnownFileType = sourcecode.c.objc; path = "NSObject+MJCoding.m"; sourceTree = "<group>"; };
		E29DD41F1AFA4592005D0D33 /* NSObject+MJKeyValue.h */ = {isa = PBXFileReference; fileEncoding = 4; lastKnownFileType = sourcecode.c.h; path = "NSObject+MJKeyValue.h"; sourceTree = "<group>"; };
		E29DD4201AFA4592005D0D33 /* NSObject+MJKeyValue.m */ = {isa = PBXFileReference; fileEncoding = 4; lastKnownFileType = sourcecode.c.objc; path = "NSObject+MJKeyValue.m"; sourceTree = "<group>"; };
		E29DD4211AFA4592005D0D33 /* NSString+MJExtension.h */ = {isa = PBXFileReference; fileEncoding = 4; lastKnownFileType = sourcecode.c.h; path = "NSString+MJExtension.h"; sourceTree = "<group>"; };
		E29DD4221AFA4592005D0D33 /* NSString+MJExtension.m */ = {isa = PBXFileReference; fileEncoding = 4; lastKnownFileType = sourcecode.c.objc; path = "NSString+MJExtension.m"; sourceTree = "<group>"; };
		E29DD42B1AFA4B53005D0D33 /* Device.h */ = {isa = PBXFileReference; fileEncoding = 4; lastKnownFileType = sourcecode.c.h; path = Device.h; sourceTree = "<group>"; };
		E29DD42C1AFA4B53005D0D33 /* Device.m */ = {isa = PBXFileReference; fileEncoding = 4; lastKnownFileType = sourcecode.c.objc; path = Device.m; sourceTree = "<group>"; };
		E29DD42E1AFA4D82005D0D33 /* Dht11.h */ = {isa = PBXFileReference; fileEncoding = 4; lastKnownFileType = sourcecode.c.h; path = Dht11.h; sourceTree = "<group>"; };
		E29DD42F1AFA4D82005D0D33 /* Dht11.m */ = {isa = PBXFileReference; fileEncoding = 4; lastKnownFileType = sourcecode.c.objc; path = Dht11.m; sourceTree = "<group>"; };
		E29DD4321AFA5346005D0D33 /* HttpResultJson.h */ = {isa = PBXFileReference; fileEncoding = 4; lastKnownFileType = sourcecode.c.h; path = HttpResultJson.h; sourceTree = "<group>"; };
		E29DD4331AFA5346005D0D33 /* HttpResultJson.m */ = {isa = PBXFileReference; fileEncoding = 4; lastKnownFileType = sourcecode.c.objc; path = HttpResultJson.m; sourceTree = "<group>"; };
		E2C47F451AF72172003FE37C /* NiceController.app */ = {isa = PBXFileReference; explicitFileType = wrapper.application; includeInIndex = 0; path = NiceController.app; sourceTree = BUILT_PRODUCTS_DIR; };
		E2C47F491AF72172003FE37C /* Info.plist */ = {isa = PBXFileReference; lastKnownFileType = text.plist.xml; path = Info.plist; sourceTree = "<group>"; };
		E2C47F4A1AF72172003FE37C /* main.m */ = {isa = PBXFileReference; lastKnownFileType = sourcecode.c.objc; path = main.m; sourceTree = "<group>"; };
		E2C47F4C1AF72172003FE37C /* AppDelegate.h */ = {isa = PBXFileReference; lastKnownFileType = sourcecode.c.h; path = AppDelegate.h; sourceTree = "<group>"; };
		E2C47F4D1AF72172003FE37C /* AppDelegate.m */ = {isa = PBXFileReference; lastKnownFileType = sourcecode.c.objc; path = AppDelegate.m; sourceTree = "<group>"; };
		E2C47F551AF72172003FE37C /* Images.xcassets */ = {isa = PBXFileReference; lastKnownFileType = folder.assetcatalog; path = Images.xcassets; sourceTree = "<group>"; };
		E2C47F581AF72172003FE37C /* Base */ = {isa = PBXFileReference; lastKnownFileType = file.xib; name = Base; path = Base.lproj/LaunchScreen.xib; sourceTree = "<group>"; };
		E2C47F5E1AF72173003FE37C /* NiceControllerTests.xctest */ = {isa = PBXFileReference; explicitFileType = wrapper.cfbundle; includeInIndex = 0; path = NiceControllerTests.xctest; sourceTree = BUILT_PRODUCTS_DIR; };
		E2C47F631AF72173003FE37C /* Info.plist */ = {isa = PBXFileReference; lastKnownFileType = text.plist.xml; path = Info.plist; sourceTree = "<group>"; };
		E2C47F641AF72173003FE37C /* NiceControllerTests.m */ = {isa = PBXFileReference; lastKnownFileType = sourcecode.c.objc; path = NiceControllerTests.m; sourceTree = "<group>"; };
		E2C47FA01AF738E0003FE37C /* APService.h */ = {isa = PBXFileReference; fileEncoding = 4; lastKnownFileType = sourcecode.c.h; path = APService.h; sourceTree = "<group>"; };
		E2C47FA11AF738E0003FE37C /* libPushSDK-1.8.3.a */ = {isa = PBXFileReference; lastKnownFileType = archive.ar; path = "libPushSDK-1.8.3.a"; sourceTree = "<group>"; };
		E2C47FA41AF739D5003FE37C /* CFNetwork.framework */ = {isa = PBXFileReference; lastKnownFileType = wrapper.framework; name = CFNetwork.framework; path = System/Library/Frameworks/CFNetwork.framework; sourceTree = SDKROOT; };
		E2C47FA61AF73A4C003FE37C /* CoreFoundation.framework */ = {isa = PBXFileReference; lastKnownFileType = wrapper.framework; name = CoreFoundation.framework; path = System/Library/Frameworks/CoreFoundation.framework; sourceTree = SDKROOT; };
		E2C47FA81AF73A53003FE37C /* CoreTelephony.framework */ = {isa = PBXFileReference; lastKnownFileType = wrapper.framework; name = CoreTelephony.framework; path = System/Library/Frameworks/CoreTelephony.framework; sourceTree = SDKROOT; };
		E2C47FAA1AF73A61003FE37C /* SystemConfiguration.framework */ = {isa = PBXFileReference; lastKnownFileType = wrapper.framework; name = SystemConfiguration.framework; path = System/Library/Frameworks/SystemConfiguration.framework; sourceTree = SDKROOT; };
		E2C47FAC1AF73A67003FE37C /* CoreGraphics.framework */ = {isa = PBXFileReference; lastKnownFileType = wrapper.framework; name = CoreGraphics.framework; path = System/Library/Frameworks/CoreGraphics.framework; sourceTree = SDKROOT; };
		E2C47FAE1AF73A6E003FE37C /* Foundation.framework */ = {isa = PBXFileReference; lastKnownFileType = wrapper.framework; name = Foundation.framework; path = System/Library/Frameworks/Foundation.framework; sourceTree = SDKROOT; };
		E2C47FB01AF73A75003FE37C /* UIKit.framework */ = {isa = PBXFileReference; lastKnownFileType = wrapper.framework; name = UIKit.framework; path = System/Library/Frameworks/UIKit.framework; sourceTree = SDKROOT; };
		E2C47FB21AF73A7A003FE37C /* Security.framework */ = {isa = PBXFileReference; lastKnownFileType = wrapper.framework; name = Security.framework; path = System/Library/Frameworks/Security.framework; sourceTree = SDKROOT; };
		E2C47FB41AF73A8B003FE37C /* libz.dylib */ = {isa = PBXFileReference; lastKnownFileType = "compiled.mach-o.dylib"; name = libz.dylib; path = usr/lib/libz.dylib; sourceTree = SDKROOT; };
		E2C47FB71AF73BD1003FE37C /* PushConfig.plist */ = {isa = PBXFileReference; fileEncoding = 4; lastKnownFileType = text.plist.xml; path = PushConfig.plist; sourceTree = "<group>"; };
/* End PBXFileReference section */

/* Begin PBXFrameworksBuildPhase section */
		E2C47F421AF72172003FE37C /* Frameworks */ = {
			isa = PBXFrameworksBuildPhase;
			buildActionMask = 2147483647;
			files = (
				E29DD4101AFA3C24005D0D33 /* AdSupport.framework in Frameworks */,
				E29DD40E1AFA2CF8005D0D33 /* libz.1.2.5.dylib in Frameworks */,
				E29DD40C1AFA2CE4005D0D33 /* MobileCoreServices.framework in Frameworks */,
				E2C47FAB1AF73A61003FE37C /* SystemConfiguration.framework in Frameworks */,
				E2C47FA51AF739D5003FE37C /* CFNetwork.framework in Frameworks */,
				E2C47FB51AF73A8B003FE37C /* libz.dylib in Frameworks */,
				E2C47FB31AF73A7A003FE37C /* Security.framework in Frameworks */,
				E2C47FB11AF73A75003FE37C /* UIKit.framework in Frameworks */,
				E2C47FAF1AF73A6E003FE37C /* Foundation.framework in Frameworks */,
				E2C47FAD1AF73A67003FE37C /* CoreGraphics.framework in Frameworks */,
				E2C47FA91AF73A53003FE37C /* CoreTelephony.framework in Frameworks */,
				E2C47FA71AF73A4C003FE37C /* CoreFoundation.framework in Frameworks */,
				E2C47FA31AF738E0003FE37C /* libPushSDK-1.8.3.a in Frameworks */,
				D12047248F841A58A39A03E1 /* libPods.a in Frameworks */,
			);
			runOnlyForDeploymentPostprocessing = 0;
		};
		E2C47F5B1AF72173003FE37C /* Frameworks */ = {
			isa = PBXFrameworksBuildPhase;
			buildActionMask = 2147483647;
			files = (
			);
			runOnlyForDeploymentPostprocessing = 0;
		};
/* End PBXFrameworksBuildPhase section */

/* Begin PBXGroup section */
		440D18E7E8283A57A7219582 /* Pods */ = {
			isa = PBXGroup;
			children = (
				8EA63352E9679EE5D013C080 /* Pods.debug.xcconfig */,
				28CFD87FDD58038DC2E11709 /* Pods.release.xcconfig */,
			);
			name = Pods;
			sourceTree = "<group>";
		};
		454F06999B3A138C26D48898 /* Frameworks */ = {
			isa = PBXGroup;
			children = (
				A1218728CA037B2FAB495128 /* libPods.a */,
			);
			name = Frameworks;
			sourceTree = "<group>";
		};
		E275F19E1AFB04F40041D53A /* MBProgressHUD */ = {
			isa = PBXGroup;
			children = (
				E275F1B01AFB0E960041D53A /* MBProgressHUD+MJ.h */,
				E275F1B11AFB0E960041D53A /* MBProgressHUD+MJ.m */,
				E275F1B21AFB0E960041D53A /* MBProgressHUD.bundle */,
				E275F19F1AFB050B0041D53A /* MBProgressHUD.h */,
				E275F1A01AFB050B0041D53A /* MBProgressHUD.m */,
			);
			name = MBProgressHUD;
			sourceTree = "<group>";
		};
		E275F1A21AFB05290041D53A /* HttpTool */ = {
			isa = PBXGroup;
			children = (
				E29DD4321AFA5346005D0D33 /* HttpResultJson.h */,
				E29DD4331AFA5346005D0D33 /* HttpResultJson.m */,
				E275F1AA1AFB07EB0041D53A /* AdId.h */,
				E275F1AB1AFB07EB0041D53A /* AdId.m */,
				E28D40CC1AFBB7060028EAAE /* UrlConstants.h */,
				E28D40CD1AFBB7080028EAAE /* UrlConstants.m */,
			);
			name = HttpTool;
			sourceTree = "<group>";
		};
		E275F1A31AFB05D00041D53A /* UserRegister */ = {
			isa = PBXGroup;
			children = (
				E275F1A61AFB05FB0041D53A /* Controller */,
				E275F1A51AFB05F00041D53A /* View */,
				E275F1A41AFB05EB0041D53A /* Model */,
			);
			name = UserRegister;
			sourceTree = "<group>";
		};
		E275F1A41AFB05EB0041D53A /* Model */ = {
			isa = PBXGroup;
			children = (
			);
			name = Model;
			sourceTree = "<group>";
		};
		E275F1A51AFB05F00041D53A /* View */ = {
			isa = PBXGroup;
			children = (
			);
			name = View;
			sourceTree = "<group>";
		};
		E275F1A61AFB05FB0041D53A /* Controller */ = {
			isa = PBXGroup;
			children = (
				E275F1A71AFB06250041D53A /* NewUserRegisterViewController.h */,
				E275F1A81AFB06250041D53A /* NewUserRegisterViewController.m */,
			);
			name = Controller;
			sourceTree = "<group>";
		};
		E275F1B51AFB13340041D53A /* Tool */ = {
			isa = PBXGroup;
			children = (
				E275F1A21AFB05290041D53A /* HttpTool */,
				E29DD4111AFA4583005D0D33 /* MJExtension */,
				E275F19E1AFB04F40041D53A /* MBProgressHUD */,
				E275F1B61AFB13580041D53A /* UIViewController+KeyboardAnimation.h */,
				E275F1B71AFB13580041D53A /* UIViewController+KeyboardAnimation.m */,
			);
			name = Tool;
			sourceTree = "<group>";
		};
		E28D40C21AFB3E090028EAAE /* Manager */ = {
			isa = PBXGroup;
			children = (
				E28D40C61AFBA3B90028EAAE /* Controller */,
			);
			name = Manager;
			sourceTree = "<group>";
		};
		E28D40C61AFBA3B90028EAAE /* Controller */ = {
			isa = PBXGroup;
			children = (
				E28D40C31AFB3E310028EAAE /* UrlModiifyViewController.h */,
				E28D40C41AFB3E310028EAAE /* UrlModiifyViewController.m */,
				E28D40DD1AFBD7690028EAAE /* ManagerTableViewController.h */,
				E28D40DE1AFBD7690028EAAE /* ManagerTableViewController.m */,
			);
			name = Controller;
			sourceTree = "<group>";
		};
		E28D40C71AFBA3C50028EAAE /* ModifyAdminPwd */ = {
			isa = PBXGroup;
			children = (
				E28D40CB1AFBA4080028EAAE /* Controller */,
			);
			name = ModifyAdminPwd;
			sourceTree = "<group>";
		};
		E28D40CB1AFBA4080028EAAE /* Controller */ = {
			isa = PBXGroup;
			children = (
				E28D40C81AFBA4050028EAAE /* ModifyAdminPwdViewController.h */,
				E28D40C91AFBA4050028EAAE /* ModifyAdminPwdViewController.m */,
			);
			name = Controller;
			sourceTree = "<group>";
		};
		E28D40CF1AFBBCAE0028EAAE /* LoginAdmin */ = {
			isa = PBXGroup;
			children = (
				E28D40D01AFBBCDF0028EAAE /* Conroller */,
			);
			name = LoginAdmin;
			sourceTree = "<group>";
		};
		E28D40D01AFBBCDF0028EAAE /* Conroller */ = {
			isa = PBXGroup;
			children = (
				E28D40D11AFBBD380028EAAE /* LoginAdminViewController.h */,
				E28D40D21AFBBD390028EAAE /* LoginAdminViewController.m */,
			);
			name = Conroller;
			sourceTree = "<group>";
		};
		E28D40D71AFBD3BC0028EAAE /* Setting */ = {
			isa = PBXGroup;
			children = (
				E28D40D81AFBD3C60028EAAE /* Controller */,
			);
			name = Setting;
			sourceTree = "<group>";
		};
		E28D40D81AFBD3C60028EAAE /* Controller */ = {
			isa = PBXGroup;
			children = (
				E28D40D91AFBD3FB0028EAAE /* SettingTableViewController.h */,
				E28D40DA1AFBD3FB0028EAAE /* SettingTableViewController.m */,
			);
			name = Controller;
			sourceTree = "<group>";
		};
		E29DD3D81AF9BE16005D0D33 /* Main */ = {
			isa = PBXGroup;
			children = (
				E29DD3D91AF9BE93005D0D33 /* Model */,
				E29DD3DA1AF9BE9F005D0D33 /* View */,
				E29DD3DB1AF9BEA7005D0D33 /* Controller */,
			);
			name = Main;
			sourceTree = "<group>";
		};
		E29DD3D91AF9BE93005D0D33 /* Model */ = {
			isa = PBXGroup;
			children = (
			);
			name = Model;
			sourceTree = "<group>";
		};
		E29DD3DA1AF9BE9F005D0D33 /* View */ = {
			isa = PBXGroup;
			children = (
			);
			name = View;
			sourceTree = "<group>";
		};
		E29DD3DB1AF9BEA7005D0D33 /* Controller */ = {
			isa = PBXGroup;
			children = (
				E29DD3DE1AF9C4BD005D0D33 /* MainTabBarViewController.h */,
				E29DD3DF1AF9C4BD005D0D33 /* MainTabBarViewController.m */,
			);
			name = Controller;
			sourceTree = "<group>";
		};
		E29DD3DC1AF9C479005D0D33 /* Classes */ = {
			isa = PBXGroup;
			children = (
				E28D40D71AFBD3BC0028EAAE /* Setting */,
				E28D40CF1AFBBCAE0028EAAE /* LoginAdmin */,
				E28D40C71AFBA3C50028EAAE /* ModifyAdminPwd */,
				E28D40C21AFB3E090028EAAE /* Manager */,
				E275F1A31AFB05D00041D53A /* UserRegister */,
				E29DD3E11AFA0A24005D0D33 /* Devices */,
				E29DD3D81AF9BE16005D0D33 /* Main */,
				E29DD3DD1AF9C480005D0D33 /* Others */,
			);
			name = Classes;
			sourceTree = "<group>";
		};
		E29DD3DD1AF9C480005D0D33 /* Others */ = {
			isa = PBXGroup;
			children = (
				E275F1B51AFB13340041D53A /* Tool */,
				E2C47F4C1AF72172003FE37C /* AppDelegate.h */,
				E2C47F4D1AF72172003FE37C /* AppDelegate.m */,
			);
			name = Others;
			sourceTree = "<group>";
		};
		E29DD3E11AFA0A24005D0D33 /* Devices */ = {
			isa = PBXGroup;
			children = (
				E29DD3E41AFA0A3C005D0D33 /* Controller */,
				E29DD3E31AFA0A36005D0D33 /* View */,
				E29DD3E21AFA0A2F005D0D33 /* Model */,
			);
			name = Devices;
			sourceTree = "<group>";
		};
		E29DD3E21AFA0A2F005D0D33 /* Model */ = {
			isa = PBXGroup;
			children = (
				E29DD42B1AFA4B53005D0D33 /* Device.h */,
				E29DD42C1AFA4B53005D0D33 /* Device.m */,
				E29DD42E1AFA4D82005D0D33 /* Dht11.h */,
				E29DD42F1AFA4D82005D0D33 /* Dht11.m */,
			);
			name = Model;
			sourceTree = "<group>";
		};
		E29DD3E31AFA0A36005D0D33 /* View */ = {
			isa = PBXGroup;
			children = (
			);
			name = View;
			sourceTree = "<group>";
		};
		E29DD3E41AFA0A3C005D0D33 /* Controller */ = {
			isa = PBXGroup;
			children = (
				E29DD3E51AFA0A63005D0D33 /* DeviceViewController.h */,
				E29DD3E61AFA0A63005D0D33 /* DeviceViewController.m */,
			);
			name = Controller;
			sourceTree = "<group>";
		};
		E29DD4111AFA4583005D0D33 /* MJExtension */ = {
			isa = PBXGroup;
			children = (
				E29DD4121AFA4592005D0D33 /* MJExtension.h */,
				E29DD4131AFA4592005D0D33 /* MJConst.h */,
				E29DD4141AFA4592005D0D33 /* MJConst.m */,
				E29DD4151AFA4592005D0D33 /* MJType.h */,
				E29DD4161AFA4592005D0D33 /* MJType.m */,
				E29DD4171AFA4592005D0D33 /* MJFoundation.h */,
				E29DD4181AFA4592005D0D33 /* MJFoundation.m */,
				E29DD4191AFA4592005D0D33 /* MJProperty.h */,
				E29DD41A1AFA4592005D0D33 /* MJProperty.m */,
				E29DD41B1AFA4592005D0D33 /* NSObject+MJProperty.h */,
				E29DD41C1AFA4592005D0D33 /* NSObject+MJProperty.m */,
				E29DD41D1AFA4592005D0D33 /* NSObject+MJCoding.h */,
				E29DD41E1AFA4592005D0D33 /* NSObject+MJCoding.m */,
				E29DD41F1AFA4592005D0D33 /* NSObject+MJKeyValue.h */,
				E29DD4201AFA4592005D0D33 /* NSObject+MJKeyValue.m */,
				E29DD4211AFA4592005D0D33 /* NSString+MJExtension.h */,
				E29DD4221AFA4592005D0D33 /* NSString+MJExtension.m */,
			);
			name = MJExtension;
			sourceTree = "<group>";
		};
		E2C47F3C1AF72172003FE37C = {
			isa = PBXGroup;
			children = (
				E2C47F471AF72172003FE37C /* NiceController */,
				E2C47F611AF72173003FE37C /* NiceControllerTests */,
				E2C47F461AF72172003FE37C /* Products */,
				E2C47FB61AF73B76003FE37C /* framework */,
				440D18E7E8283A57A7219582 /* Pods */,
				454F06999B3A138C26D48898 /* Frameworks */,
			);
			sourceTree = "<group>";
		};
		E2C47F461AF72172003FE37C /* Products */ = {
			isa = PBXGroup;
			children = (
				E2C47F451AF72172003FE37C /* NiceController.app */,
				E2C47F5E1AF72173003FE37C /* NiceControllerTests.xctest */,
			);
			name = Products;
			sourceTree = "<group>";
		};
		E2C47F471AF72172003FE37C /* NiceController */ = {
			isa = PBXGroup;
			children = (
				E29DD3DC1AF9C479005D0D33 /* Classes */,
				E2C47F481AF72172003FE37C /* Supporting Files */,
				E2C47FB71AF73BD1003FE37C /* PushConfig.plist */,
			);
			path = NiceController;
			sourceTree = "<group>";
		};
		E2C47F481AF72172003FE37C /* Supporting Files */ = {
			isa = PBXGroup;
			children = (
				E2C47F551AF72172003FE37C /* Images.xcassets */,
				E28D40D41AFBC5E60028EAAE /* Main.storyboard */,
				E2C47F571AF72172003FE37C /* LaunchScreen.xib */,
				E2C47F491AF72172003FE37C /* Info.plist */,
				E2C47F4A1AF72172003FE37C /* main.m */,
			);
			name = "Supporting Files";
			sourceTree = "<group>";
		};
		E2C47F611AF72173003FE37C /* NiceControllerTests */ = {
			isa = PBXGroup;
			children = (
				E2C47F641AF72173003FE37C /* NiceControllerTests.m */,
				E2C47F621AF72173003FE37C /* Supporting Files */,
			);
			path = NiceControllerTests;
			sourceTree = "<group>";
		};
		E2C47F621AF72173003FE37C /* Supporting Files */ = {
			isa = PBXGroup;
			children = (
				E2C47F631AF72173003FE37C /* Info.plist */,
			);
			name = "Supporting Files";
			sourceTree = "<group>";
		};
		E2C47FA21AF738E0003FE37C /* lib */ = {
			isa = PBXGroup;
			children = (
				E2C47FA01AF738E0003FE37C /* APService.h */,
				E2C47FA11AF738E0003FE37C /* libPushSDK-1.8.3.a */,
			);
			path = lib;
			sourceTree = "<group>";
		};
		E2C47FB61AF73B76003FE37C /* framework */ = {
			isa = PBXGroup;
			children = (
				E29DD40F1AFA3C24005D0D33 /* AdSupport.framework */,
				E2C47FA21AF738E0003FE37C /* lib */,
				E29DD40B1AFA2CE4005D0D33 /* MobileCoreServices.framework */,
				E29DD40D1AFA2CF8005D0D33 /* libz.1.2.5.dylib */,
				E2C47FB41AF73A8B003FE37C /* libz.dylib */,
				E2C47FB21AF73A7A003FE37C /* Security.framework */,
				E2C47FB01AF73A75003FE37C /* UIKit.framework */,
				E2C47FAE1AF73A6E003FE37C /* Foundation.framework */,
				E2C47FAC1AF73A67003FE37C /* CoreGraphics.framework */,
				E2C47FAA1AF73A61003FE37C /* SystemConfiguration.framework */,
				E2C47FA81AF73A53003FE37C /* CoreTelephony.framework */,
				E2C47FA61AF73A4C003FE37C /* CoreFoundation.framework */,
				E2C47FA41AF739D5003FE37C /* CFNetwork.framework */,
			);
			name = framework;
			path = NiceController.xcodeproj;
			sourceTree = "<group>";
		};
/* End PBXGroup section */

/* Begin PBXNativeTarget section */
		E2C47F441AF72172003FE37C /* NiceController */ = {
			isa = PBXNativeTarget;
			buildConfigurationList = E2C47F681AF72173003FE37C /* Build configuration list for PBXNativeTarget "NiceController" */;
			buildPhases = (
				65C2BA64DA694E722F6DD708 /* Check Pods Manifest.lock */,
				E2C47F411AF72172003FE37C /* Sources */,
				E2C47F421AF72172003FE37C /* Frameworks */,
				E2C47F431AF72172003FE37C /* Resources */,
				A1480185DE2A59488E29F452 /* Copy Pods Resources */,
			);
			buildRules = (
			);
			dependencies = (
			);
			name = NiceController;
			productName = NiceController;
			productReference = E2C47F451AF72172003FE37C /* NiceController.app */;
			productType = "com.apple.product-type.application";
		};
		E2C47F5D1AF72173003FE37C /* NiceControllerTests */ = {
			isa = PBXNativeTarget;
			buildConfigurationList = E2C47F6B1AF72173003FE37C /* Build configuration list for PBXNativeTarget "NiceControllerTests" */;
			buildPhases = (
				E2C47F5A1AF72173003FE37C /* Sources */,
				E2C47F5B1AF72173003FE37C /* Frameworks */,
				E2C47F5C1AF72173003FE37C /* Resources */,
			);
			buildRules = (
			);
			dependencies = (
				E2C47F601AF72173003FE37C /* PBXTargetDependency */,
			);
			name = NiceControllerTests;
			productName = NiceControllerTests;
			productReference = E2C47F5E1AF72173003FE37C /* NiceControllerTests.xctest */;
			productType = "com.apple.product-type.bundle.unit-test";
		};
/* End PBXNativeTarget section */

/* Begin PBXProject section */
		E2C47F3D1AF72172003FE37C /* Project object */ = {
			isa = PBXProject;
			attributes = {
				LastUpgradeCheck = 0630;
				ORGANIZATIONNAME = linwenbang;
				TargetAttributes = {
					E2C47F441AF72172003FE37C = {
						CreatedOnToolsVersion = 6.3;
					};
					E2C47F5D1AF72173003FE37C = {
						CreatedOnToolsVersion = 6.3;
						TestTargetID = E2C47F441AF72172003FE37C;
					};
				};
			};
			buildConfigurationList = E2C47F401AF72172003FE37C /* Build configuration list for PBXProject "NiceController" */;
			compatibilityVersion = "Xcode 3.2";
			developmentRegion = English;
			hasScannedForEncodings = 0;
			knownRegions = (
				en,
				Base,
			);
			mainGroup = E2C47F3C1AF72172003FE37C;
			productRefGroup = E2C47F461AF72172003FE37C /* Products */;
			projectDirPath = "";
			projectRoot = "";
			targets = (
				E2C47F441AF72172003FE37C /* NiceController */,
				E2C47F5D1AF72173003FE37C /* NiceControllerTests */,
			);
		};
/* End PBXProject section */

/* Begin PBXResourcesBuildPhase section */
		E2C47F431AF72172003FE37C /* Resources */ = {
			isa = PBXResourcesBuildPhase;
			buildActionMask = 2147483647;
			files = (
				E2C47FB81AF73BD1003FE37C /* PushConfig.plist in Resources */,
				E28D40D61AFBC5E60028EAAE /* Main.storyboard in Resources */,
				E275F1B41AFB0E960041D53A /* MBProgressHUD.bundle in Resources */,
				E2C47F591AF72172003FE37C /* LaunchScreen.xib in Resources */,
				E2C47F561AF72172003FE37C /* Images.xcassets in Resources */,
			);
			runOnlyForDeploymentPostprocessing = 0;
		};
		E2C47F5C1AF72173003FE37C /* Resources */ = {
			isa = PBXResourcesBuildPhase;
			buildActionMask = 2147483647;
			files = (
			);
			runOnlyForDeploymentPostprocessing = 0;
		};
/* End PBXResourcesBuildPhase section */

/* Begin PBXShellScriptBuildPhase section */
		65C2BA64DA694E722F6DD708 /* Check Pods Manifest.lock */ = {
			isa = PBXShellScriptBuildPhase;
			buildActionMask = 2147483647;
			files = (
			);
			inputPaths = (
			);
			name = "Check Pods Manifest.lock";
			outputPaths = (
			);
			runOnlyForDeploymentPostprocessing = 0;
			shellPath = /bin/sh;
			shellScript = "diff \"${PODS_ROOT}/../Podfile.lock\" \"${PODS_ROOT}/Manifest.lock\" > /dev/null\nif [[ $? != 0 ]] ; then\n    cat << EOM\nerror: The sandbox is not in sync with the Podfile.lock. Run 'pod install' or update your CocoaPods installation.\nEOM\n    exit 1\nfi\n";
			showEnvVarsInLog = 0;
		};
		A1480185DE2A59488E29F452 /* Copy Pods Resources */ = {
			isa = PBXShellScriptBuildPhase;
			buildActionMask = 2147483647;
			files = (
			);
			inputPaths = (
			);
			name = "Copy Pods Resources";
			outputPaths = (
			);
			runOnlyForDeploymentPostprocessing = 0;
			shellPath = /bin/sh;
			shellScript = "\"${SRCROOT}/Pods/Target Support Files/Pods/Pods-resources.sh\"\n";
			showEnvVarsInLog = 0;
		};
/* End PBXShellScriptBuildPhase section */

/* Begin PBXSourcesBuildPhase section */
		E2C47F411AF72172003FE37C /* Sources */ = {
			isa = PBXSourcesBuildPhase;
			buildActionMask = 2147483647;
			files = (
				E29DD42D1AFA4B53005D0D33 /* Device.m in Sources */,
				E275F1AC1AFB07EB0041D53A /* AdId.m in Sources */,
				E29DD4341AFA5346005D0D33 /* HttpResultJson.m in Sources */,
				E275F1B31AFB0E960041D53A /* MBProgressHUD+MJ.m in Sources */,
				E29DD4281AFA4592005D0D33 /* NSObject+MJCoding.m in Sources */,
				E29DD4231AFA4592005D0D33 /* MJConst.m in Sources */,
				E275F1A11AFB050B0041D53A /* MBProgressHUD.m in Sources */,
				E29DD3E71AFA0A63005D0D33 /* DeviceViewController.m in Sources */,
				E2C47F4E1AF72172003FE37C /* AppDelegate.m in Sources */,
				E28D40DB1AFBD3FB0028EAAE /* SettingTableViewController.m in Sources */,
				E275F1A91AFB06250041D53A /* NewUserRegisterViewController.m in Sources */,
				E29DD4291AFA4592005D0D33 /* NSObject+MJKeyValue.m in Sources */,
				E29DD4301AFA4D82005D0D33 /* Dht11.m in Sources */,
				E28D40CE1AFBB7090028EAAE /* UrlConstants.m in Sources */,
				E29DD42A1AFA4592005D0D33 /* NSString+MJExtension.m in Sources */,
				E28D40C51AFB3E310028EAAE /* UrlModiifyViewController.m in Sources */,
				E28D40CA1AFBA4050028EAAE /* ModifyAdminPwdViewController.m in Sources */,
				E28D40DF1AFBD7690028EAAE /* ManagerTableViewController.m in Sources */,
				E275F1B81AFB13580041D53A /* UIViewController+KeyboardAnimation.m in Sources */,
				E29DD4241AFA4592005D0D33 /* MJType.m in Sources */,
				E29DD4271AFA4592005D0D33 /* NSObject+MJProperty.m in Sources */,
				E29DD4261AFA4592005D0D33 /* MJProperty.m in Sources */,
				E2C47F4B1AF72172003FE37C /* main.m in Sources */,
				E29DD3E01AF9C4BD005D0D33 /* MainTabBarViewController.m in Sources */,
				E28D40D31AFBBD390028EAAE /* LoginAdminViewController.m in Sources */,
				E29DD4251AFA4592005D0D33 /* MJFoundation.m in Sources */,
			);
			runOnlyForDeploymentPostprocessing = 0;
		};
		E2C47F5A1AF72173003FE37C /* Sources */ = {
			isa = PBXSourcesBuildPhase;
			buildActionMask = 2147483647;
			files = (
				E2C47F651AF72173003FE37C /* NiceControllerTests.m in Sources */,
			);
			runOnlyForDeploymentPostprocessing = 0;
		};
/* End PBXSourcesBuildPhase section */

/* Begin PBXTargetDependency section */
		E2C47F601AF72173003FE37C /* PBXTargetDependency */ = {
			isa = PBXTargetDependency;
			target = E2C47F441AF72172003FE37C /* NiceController */;
			targetProxy = E2C47F5F1AF72173003FE37C /* PBXContainerItemProxy */;
		};
/* End PBXTargetDependency section */

/* Begin PBXVariantGroup section */
		E28D40D41AFBC5E60028EAAE /* Main.storyboard */ = {
			isa = PBXVariantGroup;
			children = (
				E28D40D51AFBC5E60028EAAE /* Base */,
			);
			name = Main.storyboard;
			sourceTree = "<group>";
		};
		E2C47F571AF72172003FE37C /* LaunchScreen.xib */ = {
			isa = PBXVariantGroup;
			children = (
				E2C47F581AF72172003FE37C /* Base */,
			);
			name = LaunchScreen.xib;
			sourceTree = "<group>";
		};
/* End PBXVariantGroup section */

/* Begin XCBuildConfiguration section */
		E2C47F661AF72173003FE37C /* Debug */ = {
			isa = XCBuildConfiguration;
			buildSettings = {
				ALWAYS_SEARCH_USER_PATHS = NO;
				CLANG_CXX_LANGUAGE_STANDARD = "gnu++0x";
				CLANG_CXX_LIBRARY = "libc++";
				CLANG_ENABLE_MODULES = YES;
				CLANG_ENABLE_OBJC_ARC = YES;
				CLANG_WARN_BOOL_CONVERSION = YES;
				CLANG_WARN_CONSTANT_CONVERSION = YES;
				CLANG_WARN_DIRECT_OBJC_ISA_USAGE = YES_ERROR;
				CLANG_WARN_EMPTY_BODY = YES;
				CLANG_WARN_ENUM_CONVERSION = YES;
				CLANG_WARN_INT_CONVERSION = YES;
				CLANG_WARN_OBJC_ROOT_CLASS = YES_ERROR;
				CLANG_WARN_UNREACHABLE_CODE = YES;
				CLANG_WARN__DUPLICATE_METHOD_MATCH = YES;
				"CODE_SIGN_IDENTITY[sdk=iphoneos*]" = "iPhone Developer";
				COPY_PHASE_STRIP = NO;
				DEBUG_INFORMATION_FORMAT = "dwarf-with-dsym";
				ENABLE_STRICT_OBJC_MSGSEND = YES;
				GCC_C_LANGUAGE_STANDARD = gnu99;
				GCC_DYNAMIC_NO_PIC = NO;
				GCC_NO_COMMON_BLOCKS = YES;
				GCC_OPTIMIZATION_LEVEL = 0;
				GCC_PREPROCESSOR_DEFINITIONS = (
					"DEBUG=1",
					"$(inherited)",
				);
				GCC_SYMBOLS_PRIVATE_EXTERN = NO;
				GCC_WARN_64_TO_32_BIT_CONVERSION = YES;
				GCC_WARN_ABOUT_RETURN_TYPE = YES_ERROR;
				GCC_WARN_UNDECLARED_SELECTOR = YES;
				GCC_WARN_UNINITIALIZED_AUTOS = YES_AGGRESSIVE;
				GCC_WARN_UNUSED_FUNCTION = YES;
				GCC_WARN_UNUSED_VARIABLE = YES;
				IPHONEOS_DEPLOYMENT_TARGET = 8.3;
				MTL_ENABLE_DEBUG_INFO = YES;
				ONLY_ACTIVE_ARCH = YES;
				SDKROOT = iphoneos;
				TARGETED_DEVICE_FAMILY = "1,2";
			};
			name = Debug;
		};
		E2C47F671AF72173003FE37C /* Release */ = {
			isa = XCBuildConfiguration;
			buildSettings = {
				ALWAYS_SEARCH_USER_PATHS = NO;
				CLANG_CXX_LANGUAGE_STANDARD = "gnu++0x";
				CLANG_CXX_LIBRARY = "libc++";
				CLANG_ENABLE_MODULES = YES;
				CLANG_ENABLE_OBJC_ARC = YES;
				CLANG_WARN_BOOL_CONVERSION = YES;
				CLANG_WARN_CONSTANT_CONVERSION = YES;
				CLANG_WARN_DIRECT_OBJC_ISA_USAGE = YES_ERROR;
				CLANG_WARN_EMPTY_BODY = YES;
				CLANG_WARN_ENUM_CONVERSION = YES;
				CLANG_WARN_INT_CONVERSION = YES;
				CLANG_WARN_OBJC_ROOT_CLASS = YES_ERROR;
				CLANG_WARN_UNREACHABLE_CODE = YES;
				CLANG_WARN__DUPLICATE_METHOD_MATCH = YES;
				"CODE_SIGN_IDENTITY[sdk=iphoneos*]" = "iPhone Developer";
				COPY_PHASE_STRIP = NO;
				DEBUG_INFORMATION_FORMAT = "dwarf-with-dsym";
				ENABLE_NS_ASSERTIONS = NO;
				ENABLE_STRICT_OBJC_MSGSEND = YES;
				GCC_C_LANGUAGE_STANDARD = gnu99;
				GCC_NO_COMMON_BLOCKS = YES;
				GCC_WARN_64_TO_32_BIT_CONVERSION = YES;
				GCC_WARN_ABOUT_RETURN_TYPE = YES_ERROR;
				GCC_WARN_UNDECLARED_SELECTOR = YES;
				GCC_WARN_UNINITIALIZED_AUTOS = YES_AGGRESSIVE;
				GCC_WARN_UNUSED_FUNCTION = YES;
				GCC_WARN_UNUSED_VARIABLE = YES;
				IPHONEOS_DEPLOYMENT_TARGET = 8.3;
				MTL_ENABLE_DEBUG_INFO = NO;
				SDKROOT = iphoneos;
				TARGETED_DEVICE_FAMILY = "1,2";
				VALIDATE_PRODUCT = YES;
			};
			name = Release;
		};
		E2C47F691AF72173003FE37C /* Debug */ = {
			isa = XCBuildConfiguration;
			baseConfigurationReference = 8EA63352E9679EE5D013C080 /* Pods.debug.xcconfig */;
			buildSettings = {
				ASSETCATALOG_COMPILER_APPICON_NAME = AppIcon;
				HEADER_SEARCH_PATHS = (
					"$(inherited)",
					/Applications/Xcode.app/Contents/Developer/Toolchains/XcodeDefault.xctoolchain/usr/include,
					"${SDK_DIR}/usr/include/libxml2",
				);
				INFOPLIST_FILE = NiceController/Info.plist;
				IPHONEOS_DEPLOYMENT_TARGET = 7.1;
				LD_RUNPATH_SEARCH_PATHS = "$(inherited) @executable_path/Frameworks";
				LIBRARY_SEARCH_PATHS = (
					"$(inherited)",
					"$(PROJECT_DIR)/NiceController.xcodeproj/lib",
				);
				OTHER_LDFLAGS = (
					"-lxml2",
					"$(inherited)",
				);
				PRODUCT_NAME = "$(TARGET_NAME)";
				USER_HEADER_SEARCH_PATHS = "$(PROJECT_DIR)/NiceController.xcodeproj";
			};
			name = Debug;
		};
		E2C47F6A1AF72173003FE37C /* Release */ = {
			isa = XCBuildConfiguration;
			baseConfigurationReference = 28CFD87FDD58038DC2E11709 /* Pods.release.xcconfig */;
			buildSettings = {
				ASSETCATALOG_COMPILER_APPICON_NAME = AppIcon;
				HEADER_SEARCH_PATHS = (
					"$(inherited)",
					/Applications/Xcode.app/Contents/Developer/Toolchains/XcodeDefault.xctoolchain/usr/include,
					"${SDK_DIR}/usr/include/libxml2",
				);
				INFOPLIST_FILE = NiceController/Info.plist;
				IPHONEOS_DEPLOYMENT_TARGET = 7.1;
				LD_RUNPATH_SEARCH_PATHS = "$(inherited) @executable_path/Frameworks";
				LIBRARY_SEARCH_PATHS = (
					"$(inherited)",
					"$(PROJECT_DIR)/NiceController.xcodeproj/lib",
				);
				OTHER_LDFLAGS = (
					"-lxml2",
					"$(inherited)",
				);
				PRODUCT_NAME = "$(TARGET_NAME)";
				USER_HEADER_SEARCH_PATHS = "$(PROJECT_DIR)/NiceController.xcodeproj";
			};
			name = Release;
		};
		E2C47F6C1AF72173003FE37C /* Debug */ = {
			isa = XCBuildConfiguration;
			buildSettings = {
				BUNDLE_LOADER = "$(TEST_HOST)";
				FRAMEWORK_SEARCH_PATHS = (
					"$(SDKROOT)/Developer/Library/Frameworks",
					"$(inherited)",
				);
				GCC_PREPROCESSOR_DEFINITIONS = (
					"DEBUG=1",
					"$(inherited)",
				);
				INFOPLIST_FILE = NiceControllerTests/Info.plist;
				LD_RUNPATH_SEARCH_PATHS = "$(inherited) @executable_path/Frameworks @loader_path/Frameworks";
				PRODUCT_NAME = "$(TARGET_NAME)";
				TEST_HOST = "$(BUILT_PRODUCTS_DIR)/NiceController.app/NiceController";
			};
			name = Debug;
		};
		E2C47F6D1AF72173003FE37C /* Release */ = {
			isa = XCBuildConfiguration;
			buildSettings = {
				BUNDLE_LOADER = "$(TEST_HOST)";
				FRAMEWORK_SEARCH_PATHS = (
					"$(SDKROOT)/Developer/Library/Frameworks",
					"$(inherited)",
				);
				INFOPLIST_FILE = NiceControllerTests/Info.plist;
				LD_RUNPATH_SEARCH_PATHS = "$(inherited) @executable_path/Frameworks @loader_path/Frameworks";
				PRODUCT_NAME = "$(TARGET_NAME)";
				TEST_HOST = "$(BUILT_PRODUCTS_DIR)/NiceController.app/NiceController";
			};
			name = Release;
		};
/* End XCBuildConfiguration section */

/* Begin XCConfigurationList section */
		E2C47F401AF72172003FE37C /* Build configuration list for PBXProject "NiceController" */ = {
			isa = XCConfigurationList;
			buildConfigurations = (
				E2C47F661AF72173003FE37C /* Debug */,
				E2C47F671AF72173003FE37C /* Release */,
			);
			defaultConfigurationIsVisible = 0;
			defaultConfigurationName = Release;
		};
		E2C47F681AF72173003FE37C /* Build configuration list for PBXNativeTarget "NiceController" */ = {
			isa = XCConfigurationList;
			buildConfigurations = (
				E2C47F691AF72173003FE37C /* Debug */,
				E2C47F6A1AF72173003FE37C /* Release */,
			);
			defaultConfigurationIsVisible = 0;
			defaultConfigurationName = Release;
		};
		E2C47F6B1AF72173003FE37C /* Build configuration list for PBXNativeTarget "NiceControllerTests" */ = {
			isa = XCConfigurationList;
			buildConfigurations = (
				E2C47F6C1AF72173003FE37C /* Debug */,
				E2C47F6D1AF72173003FE37C /* Release */,
			);
			defaultConfigurationIsVisible = 0;
			defaultConfigurationName = Release;
		};
/* End XCConfigurationList section */
	};
	rootObject = E2C47F3D1AF72172003FE37C /* Project object */;
}
